
Microsoft Visual Studio Solution File, Format Version 12.00
# Visual Studio Version 17
VisualStudioVersion = 17.0.31521.260
MinimumVisualStudioVersion = 10.0.40219.1
Project("{9A19103F-16F7-4668-BE54-9A1E7A4F7556}") = "DatRead", "DatRead.csproj", "{54CA9033-E3A4-4347-8762-AA7898C600E6}"
EndProject
Project("{9A19103F-16F7-4668-BE54-9A1E7A4F7556}") = "PoeSharp.Filetypes", "..\..\PoeSharp.Filetypes\PoeSharp.Filetypes.csproj", "{A60ED824-C546-495F-BF84-845C75D0E381}"
EndProject
Project("{9A19103F-16F7-4668-BE54-9A1E7A4F7556}") = "PoeSharp.Tests", "..\..\PoeSharp.Tests\PoeSharp.Tests.csproj", "{ED9929BD-DDFC-4384-BB4C-B45AB7DA2105}"
EndProject
Global
	GlobalSection(SolutionConfigurationPlatforms) = preSolution
		Debug|Any CPU = Debug|Any CPU
		Release|Any CPU = Release|Any CPU
	EndGlobalSection
	GlobalSection(ProjectConfigurationPlatforms) = postSolution
		{54CA9033-E3A4-4347-8762-AA7898C600E6}.Debug|Any CPU.ActiveCfg = Debug|Any CPU
		{54CA9033-E3A4-4347-8762-AA7898C600E6}.Debug|Any CPU.Build.0 = Debug|Any CPU
		{54CA9033-E3A4-4347-8762-AA7898C600E6}.Release|Any CPU.ActiveCfg = Release|Any CPU
		{54CA9033-E3A4-4347-8762-AA7898C600E6}.Release|Any CPU.Build.0 = Release|Any CPU
		{A60ED824-C546-495F-BF84-845C75D0E381}.Debug|Any CPU.ActiveCfg = Debug|Any CPU
		{A60ED824-C546-495F-BF84-845C75D0E381}.Debug|Any CPU.Build.0 = Debug|Any CPU
		{A60ED824-C546-495F-BF84-845C75D0E381}.Release|Any CPU.ActiveCfg = Release|Any CPU
		{A60ED824-C546-495F-BF84-845C75D0E381}.Release|Any CPU.Build.0 = Release|Any CPU
		{ED9929BD-DDFC-4384-BB4C-B45AB7DA2105}.Debug|Any CPU.ActiveCfg = Debug|Any CPU
		{ED9929BD-DDFC-4384-BB4C-B45AB7DA2105}.Debug|Any CPU.Build.0 = Debug|Any CPU
		{ED9929BD-DDFC-4384-BB4C-B45AB7DA2105}.Release|Any CPU.ActiveCfg = Release|Any CPU
		{ED9929BD-DDFC-4384-BB4C-B45AB7DA2105}.Release|Any CPU.Build.0 = Release|Any CPU
	EndGlobalSection
	GlobalSection(SolutionProperties) = preSolution
		HideSolutionNode = FALSE
	EndGlobalSection
	GlobalSection(ExtensibilityGlobals) = postSolution
		SolutionGuid = {978F95BD-0ECD-42F7-A0C3-6FFC65455DF2}
	EndGlobalSection
EndGlobal
